# This is a Gradle generated file for dependency locking.
# Manual edits can break the build and are not advised.
# This file is expected to be part of source control.
com.fasterxml.jackson.core:jackson-annotations:2.20=compileClasspath
com.fasterxml.jackson.core:jackson-core:2.20.1=compileClasspath
com.fasterxml.jackson.core:jackson-databind:2.20.1=compileClasspath
com.fasterxml.jackson.dataformat:jackson-dataformat-toml:2.20.1=compileClasspath
com.fasterxml.jackson.datatype:jackson-datatype-jsr310:2.20.1=compileClasspath
com.fasterxml.jackson:jackson-bom:2.20.1=compileClasspath
com.zaxxer:HikariCP:6.3.3=compileClasspath
org.flywaydb:flyway-core:10.22.0=compileClasspath
org.flywaydb:flyway-database-postgresql:10.22.0=compileClasspath
org.projectlombok:lombok:1.18.42=annotationProcessor,compileClasspath
org.slf4j:slf4j-api:2.0.17=compileClasspath
empty=
