# This is a Gradle generated file for dependency locking.
# Manual edits can break the build and are not advised.
# This file is expected to be part of source control.
com.fasterxml.jackson.core:jackson-annotations:2.19.1=compileClasspath
com.fasterxml.jackson.core:jackson-core:2.19.1=compileClasspath
com.fasterxml.jackson.core:jackson-databind:2.19.1=compileClasspath
com.fasterxml.jackson:jackson-bom:2.19.1=compileClasspath
org.projectlombok:lombok:1.18.38=annotationProcessor,compileClasspath
org.slf4j:slf4j-api:1.7.36=compileClasspath
empty=
