# This is a Gradle generated file for dependency locking.
# Manual edits can break the build and are not advised.
# This file is expected to be part of source control.
com.cronutils:cron-utils:9.1.8=compileClasspath,runtimeClasspath
com.fasterxml.jackson.core:jackson-annotations:2.11.4=compileClasspath,runtimeClasspath
com.fasterxml.jackson.core:jackson-core:2.11.4=compileClasspath,runtimeClasspath
com.fasterxml.jackson.core:jackson-databind:2.11.4=compileClasspath,runtimeClasspath
com.fasterxml.jackson.dataformat:jackson-dataformat-yaml:2.11.4=compileClasspath,runtimeClasspath
com.mchange:c3p0:0.9.5.4=compileClasspath,runtimeClasspath
com.mchange:mchange-commons-java:0.2.15=compileClasspath,runtimeClasspath
com.zaxxer:HikariCP-java7:2.4.13=compileClasspath,runtimeClasspath
jakarta.inject:jakarta.inject-api:2.0.1=compileClasspath,runtimeClasspath
jakarta.validation:jakarta.validation-api:3.1.0=compileClasspath,runtimeClasspath
joda-time:joda-time:2.10.14=compileClasspath,runtimeClasspath
org.projectlombok:lombok:1.18.34=annotationProcessor,compileClasspath
org.quartz-scheduler:quartz:2.3.2=compileClasspath,runtimeClasspath
org.slf4j:slf4j-api:1.7.30=compileClasspath,runtimeClasspath
org.yaml:snakeyaml:1.26=compileClasspath,runtimeClasspath
empty=
