# This is a Gradle generated file for dependency locking.
# Manual edits can break the build and are not advised.
# This file is expected to be part of source control.
aopalliance:aopalliance:1.0=compileClasspath,runtimeClasspath
ch.qos.logback:logback-classic:1.2.12=compileClasspath,runtimeClasspath
ch.qos.logback:logback-core:1.2.12=compileClasspath,runtimeClasspath
com.amazonaws:aws-java-sdk-core:1.11.86=compileClasspath,runtimeClasspath
com.amazonaws:aws-java-sdk-kms:1.11.86=compileClasspath,runtimeClasspath
com.amazonaws:aws-java-sdk-s3:1.11.86=compileClasspath,runtimeClasspath
com.amazonaws:jmespath-java:1.11.86=compileClasspath,runtimeClasspath
com.cronutils:cron-utils:9.1.8=runtimeClasspath
com.fasterxml.jackson.core:jackson-annotations:2.15.4=compileClasspath,runtimeClasspath
com.fasterxml.jackson.core:jackson-core:2.15.4=compileClasspath,runtimeClasspath
com.fasterxml.jackson.core:jackson-databind:2.15.4=compileClasspath,runtimeClasspath
com.fasterxml.jackson.dataformat:jackson-dataformat-cbor:2.15.4=compileClasspath,runtimeClasspath
com.fasterxml.jackson.dataformat:jackson-dataformat-yaml:2.15.4=runtimeClasspath
com.fasterxml.jackson.datatype:jackson-datatype-jdk8:2.15.4=compileClasspath,runtimeClasspath
com.fasterxml.jackson.datatype:jackson-datatype-jsr310:2.15.4=compileClasspath,runtimeClasspath
com.fasterxml.jackson.module:jackson-module-parameter-names:2.15.4=compileClasspath,runtimeClasspath
com.fasterxml.jackson:jackson-bom:2.15.4=compileClasspath,runtimeClasspath
com.github.docker-java:docker-java-api:3.3.3=runtimeClasspath
com.github.docker-java:docker-java-transport-zerodep:3.3.3=runtimeClasspath
com.github.docker-java:docker-java-transport:3.3.3=runtimeClasspath
com.github.rholder:guava-retrying:2.0.0=compileClasspath,runtimeClasspath
com.google.code.findbugs:jsr305:2.0.2=compileClasspath,runtimeClasspath
com.google.guava:guava:19.0=compileClasspath,runtimeClasspath
com.google.inject.extensions:guice-multibindings:4.1.0=compileClasspath,runtimeClasspath
com.google.inject:guice:4.1.0=compileClasspath,runtimeClasspath
com.google.protobuf:protobuf-java:3.5.1=compileClasspath,runtimeClasspath
com.jayway.jsonpath:json-path:2.2.0=compileClasspath,runtimeClasspath
com.mchange:c3p0:0.9.5.4=runtimeClasspath
com.mchange:mchange-commons-java:0.2.15=runtimeClasspath
com.netflix.conductor:conductor-common:2.31.5=compileClasspath,runtimeClasspath
com.netflix.conductor:conductor-core:2.31.5=compileClasspath,runtimeClasspath
com.netflix.servo:servo-core:0.12.17=compileClasspath,runtimeClasspath
com.netflix.spectator:spectator-api:0.68.0=compileClasspath
com.netflix.spectator:spectator-api:1.7.17=runtimeClasspath
com.spotify:completable-futures:0.3.1=compileClasspath,runtimeClasspath
com.zaxxer:HikariCP-java7:2.4.13=runtimeClasspath
com.zaxxer:HikariCP:4.0.3=compileClasspath,runtimeClasspath
commons-codec:commons-codec:1.9=compileClasspath,runtimeClasspath
commons-lang:commons-lang:2.6=compileClasspath,runtimeClasspath
commons-logging:commons-logging:1.2=compileClasspath,runtimeClasspath
io.reactivex:rxjava:1.2.2=compileClasspath,runtimeClasspath
io.swagger.core.v3:swagger-annotations:2.2.22=compileClasspath,runtimeClasspath
io.zipkin.aws:brave-propagation-aws:0.21.3=compileClasspath,runtimeClasspath
io.zipkin.brave:brave-context-slf4j:5.18.1=compileClasspath,runtimeClasspath
io.zipkin.brave:brave-instrumentation-http:5.18.1=compileClasspath,runtimeClasspath
io.zipkin.brave:brave-instrumentation-httpasyncclient:5.18.1=compileClasspath,runtimeClasspath
io.zipkin.brave:brave-instrumentation-httpclient:5.18.1=compileClasspath,runtimeClasspath
io.zipkin.brave:brave-instrumentation-jms:5.18.1=compileClasspath,runtimeClasspath
io.zipkin.brave:brave-instrumentation-kafka-clients:5.18.1=compileClasspath,runtimeClasspath
io.zipkin.brave:brave-instrumentation-kafka-streams:5.18.1=compileClasspath,runtimeClasspath
io.zipkin.brave:brave-instrumentation-messaging:5.18.1=compileClasspath,runtimeClasspath
io.zipkin.brave:brave-instrumentation-mongodb:5.18.1=compileClasspath,runtimeClasspath
io.zipkin.brave:brave-instrumentation-rpc:5.18.1=compileClasspath,runtimeClasspath
io.zipkin.brave:brave-instrumentation-spring-rabbit:5.18.1=compileClasspath,runtimeClasspath
io.zipkin.brave:brave:5.18.1=compileClasspath,runtimeClasspath
io.zipkin.reporter2:zipkin-reporter-brave:2.17.2=compileClasspath,runtimeClasspath
io.zipkin.reporter2:zipkin-reporter-metrics-micrometer:2.17.2=compileClasspath,runtimeClasspath
io.zipkin.reporter2:zipkin-reporter:2.17.2=compileClasspath,runtimeClasspath
io.zipkin.zipkin2:zipkin:2.27.0=compileClasspath,runtimeClasspath
jakarta.annotation:jakarta.annotation-api:1.3.5=compileClasspath,runtimeClasspath
javax.inject:javax.inject:1=compileClasspath,runtimeClasspath
javax.validation:validation-api:2.0.1.Final=compileClasspath,runtimeClasspath
joda-time:joda-time:2.10.14=runtimeClasspath
joda-time:joda-time:2.8.1=compileClasspath
junit:junit:4.13.2=runtimeClasspath
net.java.dev.jna:jna:5.12.1=runtimeClasspath
net.minidev:accessors-smart:1.1=compileClasspath,runtimeClasspath
net.minidev:json-smart:2.2.1=compileClasspath,runtimeClasspath
org.apache.bval:bval-jsr:2.0.3=compileClasspath,runtimeClasspath
org.apache.commons:commons-compress:1.23.0=runtimeClasspath
org.apache.commons:commons-lang3:3.0=compileClasspath,runtimeClasspath
org.apache.httpcomponents:httpclient:4.5.2=compileClasspath,runtimeClasspath
org.apache.httpcomponents:httpcore:4.4.4=compileClasspath,runtimeClasspath
org.apache.logging.log4j:log4j-api:2.17.2=compileClasspath,runtimeClasspath
org.apache.logging.log4j:log4j-to-slf4j:2.17.2=compileClasspath,runtimeClasspath
org.apache.tomcat.embed:tomcat-embed-core:9.0.83=compileClasspath,runtimeClasspath
org.apache.tomcat.embed:tomcat-embed-el:9.0.83=compileClasspath,runtimeClasspath
org.apache.tomcat.embed:tomcat-embed-websocket:9.0.83=compileClasspath,runtimeClasspath
org.aspectj:aspectjrt:1.9.7=compileClasspath,runtimeClasspath
org.aspectj:aspectjweaver:1.9.7=compileClasspath,runtimeClasspath
org.bouncycastle:bcpkix-jdk18on:1.73=compileClasspath,runtimeClasspath
org.bouncycastle:bcprov-jdk18on:1.73=compileClasspath,runtimeClasspath
org.bouncycastle:bcutil-jdk18on:1.73=compileClasspath,runtimeClasspath
org.checkerframework:checker-qual:3.42.0=runtimeClasspath
org.flywaydb:flyway-core:7.6.0=compileClasspath,runtimeClasspath
org.glassfish:javax.el:3.0.0=compileClasspath,runtimeClasspath
org.hamcrest:hamcrest-core:1.3=runtimeClasspath
org.jetbrains:annotations:17.0.0=runtimeClasspath
org.ow2.asm:asm:5.0.3=compileClasspath,runtimeClasspath
org.postgresql:postgresql:42.7.3=compileClasspath,runtimeClasspath
org.projectlombok:lombok:1.18.34=annotationProcessor,compileClasspath
org.quartz-scheduler:quartz:2.3.2=runtimeClasspath
org.rnorth.duct-tape:duct-tape:1.0.8=runtimeClasspath
org.slf4j:jul-to-slf4j:1.7.36=compileClasspath,runtimeClasspath
org.slf4j:slf4j-api:1.7.36=compileClasspath,runtimeClasspath
org.springframework.boot:spring-boot-autoconfigure:2.7.18=compileClasspath,runtimeClasspath
org.springframework.boot:spring-boot-starter-aop:2.6.15=compileClasspath,runtimeClasspath
org.springframework.boot:spring-boot-starter-json:2.7.18=compileClasspath,runtimeClasspath
org.springframework.boot:spring-boot-starter-logging:2.7.18=compileClasspath,runtimeClasspath
org.springframework.boot:spring-boot-starter-tomcat:2.7.18=compileClasspath,runtimeClasspath
org.springframework.boot:spring-boot-starter-web:2.7.18=compileClasspath,runtimeClasspath
org.springframework.boot:spring-boot-starter:2.7.18=compileClasspath,runtimeClasspath
org.springframework.boot:spring-boot:2.7.18=compileClasspath,runtimeClasspath
org.springframework.cloud:spring-cloud-commons:3.1.8=compileClasspath,runtimeClasspath
org.springframework.cloud:spring-cloud-context:3.1.8=compileClasspath,runtimeClasspath
org.springframework.cloud:spring-cloud-sleuth-api:3.1.11=compileClasspath,runtimeClasspath
org.springframework.cloud:spring-cloud-sleuth-autoconfigure:3.1.11=compileClasspath,runtimeClasspath
org.springframework.cloud:spring-cloud-sleuth-brave:3.1.11=compileClasspath,runtimeClasspath
org.springframework.cloud:spring-cloud-sleuth-instrumentation:3.1.11=compileClasspath,runtimeClasspath
org.springframework.cloud:spring-cloud-starter-sleuth:3.1.11=compileClasspath,runtimeClasspath
org.springframework.cloud:spring-cloud-starter:3.1.8=compileClasspath,runtimeClasspath
org.springframework.security:spring-security-crypto:5.6.10=compileClasspath,runtimeClasspath
org.springframework.security:spring-security-rsa:1.0.12.RELEASE=compileClasspath,runtimeClasspath
org.springframework:spring-aop:5.3.31=compileClasspath,runtimeClasspath
org.springframework:spring-beans:5.3.31=compileClasspath,runtimeClasspath
org.springframework:spring-context:5.3.31=compileClasspath,runtimeClasspath
org.springframework:spring-core:5.3.31=compileClasspath,runtimeClasspath
org.springframework:spring-expression:5.3.31=compileClasspath,runtimeClasspath
org.springframework:spring-jcl:5.3.31=compileClasspath,runtimeClasspath
org.springframework:spring-web:5.3.31=compileClasspath,runtimeClasspath
org.springframework:spring-webmvc:5.3.31=compileClasspath,runtimeClasspath
org.testcontainers:cockroachdb:1.19.0=runtimeClasspath
org.testcontainers:database-commons:1.19.0=runtimeClasspath
org.testcontainers:jdbc:1.19.0=runtimeClasspath
org.testcontainers:testcontainers:1.19.0=runtimeClasspath
org.yaml:snakeyaml:1.30=compileClasspath
org.yaml:snakeyaml:2.1=runtimeClasspath
software.amazon.ion:ion-java:1.0.1=compileClasspath,runtimeClasspath
empty=
