# This is a Gradle generated file for dependency locking.
# Manual edits can break the build and are not advised.
# This file is expected to be part of source control.
aopalliance:aopalliance:1.0=compileClasspath,runtimeClasspath
ch.qos.logback:logback-classic:1.5.20=compileClasspath,runtimeClasspath
ch.qos.logback:logback-core:1.5.20=compileClasspath,runtimeClasspath
com.cronutils:cron-utils:9.2.1=runtimeClasspath
com.esotericsoftware:kryo:5.6.2=runtimeClasspath
com.esotericsoftware:minlog:1.3.1=runtimeClasspath
com.esotericsoftware:reflectasm:1.11.9=runtimeClasspath
com.fasterxml.jackson.core:jackson-annotations:2.19.2=compileClasspath
com.fasterxml.jackson.core:jackson-annotations:2.20=runtimeClasspath
com.fasterxml.jackson.core:jackson-core:2.19.2=compileClasspath
com.fasterxml.jackson.core:jackson-core:2.20.1=runtimeClasspath
com.fasterxml.jackson.core:jackson-databind:2.19.2=compileClasspath
com.fasterxml.jackson.core:jackson-databind:2.20.1=runtimeClasspath
com.fasterxml.jackson.dataformat:jackson-dataformat-toml:2.19.2=compileClasspath
com.fasterxml.jackson.dataformat:jackson-dataformat-toml:2.20.1=runtimeClasspath
com.fasterxml.jackson.dataformat:jackson-dataformat-yaml:2.19.2=compileClasspath
com.fasterxml.jackson.dataformat:jackson-dataformat-yaml:2.20.1=runtimeClasspath
com.fasterxml.jackson.datatype:jackson-datatype-jdk8:2.19.2=compileClasspath
com.fasterxml.jackson.datatype:jackson-datatype-jdk8:2.20.1=runtimeClasspath
com.fasterxml.jackson.datatype:jackson-datatype-jsr310:2.19.2=compileClasspath
com.fasterxml.jackson.datatype:jackson-datatype-jsr310:2.20.1=runtimeClasspath
com.fasterxml.jackson.module:jackson-module-parameter-names:2.19.2=compileClasspath
com.fasterxml.jackson.module:jackson-module-parameter-names:2.20.1=runtimeClasspath
com.fasterxml.jackson:jackson-bom:2.19.2=compileClasspath
com.fasterxml.jackson:jackson-bom:2.20.1=runtimeClasspath
com.github.docker-java:docker-java-api:3.4.2=runtimeClasspath
com.github.docker-java:docker-java-transport-zerodep:3.4.2=runtimeClasspath
com.github.docker-java:docker-java-transport:3.4.2=runtimeClasspath
com.netflix.spectator:spectator-api:1.9.1=compileClasspath,runtimeClasspath
com.zaxxer:HikariCP:6.3.3=compileClasspath,runtimeClasspath
commons-codec:commons-codec:1.17.1=runtimeClasspath
commons-logging:commons-logging:1.2=runtimeClasspath
io.awspring.cloud:spring-cloud-aws-autoconfigure:3.4.0=runtimeClasspath
io.awspring.cloud:spring-cloud-aws-core:3.4.0=runtimeClasspath
io.awspring.cloud:spring-cloud-aws-sns:3.4.0=runtimeClasspath
io.awspring.cloud:spring-cloud-aws-sqs:3.4.0=runtimeClasspath
io.awspring.cloud:spring-cloud-aws-starter-sns:3.4.0=runtimeClasspath
io.awspring.cloud:spring-cloud-aws-starter-sqs:3.4.0=runtimeClasspath
io.awspring.cloud:spring-cloud-aws-starter:3.4.0=runtimeClasspath
io.fabric8:kubernetes-client-api:7.4.0=compileClasspath,runtimeClasspath
io.fabric8:kubernetes-client:7.4.0=compileClasspath,runtimeClasspath
io.fabric8:kubernetes-httpclient-vertx:7.4.0=runtimeClasspath
io.fabric8:kubernetes-model-admissionregistration:7.4.0=compileClasspath,runtimeClasspath
io.fabric8:kubernetes-model-apiextensions:7.4.0=compileClasspath,runtimeClasspath
io.fabric8:kubernetes-model-apps:7.4.0=compileClasspath,runtimeClasspath
io.fabric8:kubernetes-model-autoscaling:7.4.0=compileClasspath,runtimeClasspath
io.fabric8:kubernetes-model-batch:7.4.0=compileClasspath,runtimeClasspath
io.fabric8:kubernetes-model-certificates:7.4.0=compileClasspath,runtimeClasspath
io.fabric8:kubernetes-model-common:7.4.0=compileClasspath,runtimeClasspath
io.fabric8:kubernetes-model-coordination:7.4.0=compileClasspath,runtimeClasspath
io.fabric8:kubernetes-model-core:7.4.0=compileClasspath,runtimeClasspath
io.fabric8:kubernetes-model-discovery:7.4.0=compileClasspath,runtimeClasspath
io.fabric8:kubernetes-model-events:7.4.0=compileClasspath,runtimeClasspath
io.fabric8:kubernetes-model-extensions:7.4.0=compileClasspath,runtimeClasspath
io.fabric8:kubernetes-model-flowcontrol:7.4.0=compileClasspath,runtimeClasspath
io.fabric8:kubernetes-model-gatewayapi:7.4.0=compileClasspath,runtimeClasspath
io.fabric8:kubernetes-model-metrics:7.4.0=compileClasspath,runtimeClasspath
io.fabric8:kubernetes-model-networking:7.4.0=compileClasspath,runtimeClasspath
io.fabric8:kubernetes-model-node:7.4.0=compileClasspath,runtimeClasspath
io.fabric8:kubernetes-model-policy:7.4.0=compileClasspath,runtimeClasspath
io.fabric8:kubernetes-model-rbac:7.4.0=compileClasspath,runtimeClasspath
io.fabric8:kubernetes-model-resource:7.4.0=compileClasspath,runtimeClasspath
io.fabric8:kubernetes-model-scheduling:7.4.0=compileClasspath,runtimeClasspath
io.fabric8:kubernetes-model-storageclass:7.4.0=compileClasspath,runtimeClasspath
io.fabric8:zjsonpatch:7.4.0=compileClasspath,runtimeClasspath
io.micrometer:context-propagation:1.2.0-RC1=compileClasspath,runtimeClasspath
io.micrometer:micrometer-commons:1.16.0-RC1=compileClasspath,runtimeClasspath
io.micrometer:micrometer-core:1.15.5=compileClasspath,runtimeClasspath
io.micrometer:micrometer-jakarta9:1.15.5=compileClasspath,runtimeClasspath
io.micrometer:micrometer-observation:1.16.0-RC1=compileClasspath,runtimeClasspath
io.micrometer:micrometer-tracing-bridge-brave:1.6.0-RC1=compileClasspath,runtimeClasspath
io.micrometer:micrometer-tracing:1.6.0-RC1=compileClasspath,runtimeClasspath
io.netty:netty-buffer:4.1.127.Final=runtimeClasspath
io.netty:netty-codec-dns:4.1.127.Final=runtimeClasspath
io.netty:netty-codec-http2:4.1.118.Final=runtimeClasspath
io.netty:netty-codec-http:4.1.118.Final=runtimeClasspath
io.netty:netty-codec-socks:4.1.118.Final=runtimeClasspath
io.netty:netty-codec:4.1.127.Final=runtimeClasspath
io.netty:netty-common:4.1.127.Final=runtimeClasspath
io.netty:netty-handler-proxy:4.1.118.Final=runtimeClasspath
io.netty:netty-handler:4.1.127.Final=runtimeClasspath
io.netty:netty-resolver-dns:4.1.127.Final=runtimeClasspath
io.netty:netty-resolver:4.1.127.Final=runtimeClasspath
io.netty:netty-transport-classes-epoll:4.1.118.Final=runtimeClasspath
io.netty:netty-transport-native-unix-common:4.1.127.Final=runtimeClasspath
io.netty:netty-transport:4.1.127.Final=runtimeClasspath
io.projectreactor:reactor-core:3.6.2=runtimeClasspath
io.reactivex.rxjava3:rxjava:3.1.8=runtimeClasspath
io.swagger.core.v3:swagger-annotations:2.2.40=compileClasspath,runtimeClasspath
io.vertx:vertx-auth-common:4.5.14=runtimeClasspath
io.vertx:vertx-core:4.5.14=runtimeClasspath
io.vertx:vertx-web-client:4.5.14=runtimeClasspath
io.vertx:vertx-web-common:4.5.14=runtimeClasspath
io.zipkin.aws:brave-propagation-aws:1.3.0=compileClasspath,runtimeClasspath
io.zipkin.brave:brave-context-slf4j:6.3.0=compileClasspath,runtimeClasspath
io.zipkin.brave:brave-instrumentation-http:6.3.0=compileClasspath,runtimeClasspath
io.zipkin.brave:brave:6.3.0=compileClasspath,runtimeClasspath
io.zipkin.contrib.brave-propagation-w3c:brave-propagation-tracecontext:0.2.0=compileClasspath,runtimeClasspath
jakarta.annotation:jakarta.annotation-api:2.1.1=compileClasspath,runtimeClasspath
jakarta.inject:jakarta.inject-api:2.0.1=runtimeClasspath
jakarta.validation:jakarta.validation-api:3.1.1=compileClasspath,runtimeClasspath
javax.cache:cache-api:1.1.1=runtimeClasspath
joda-time:joda-time:2.10.14=runtimeClasspath
junit:junit:4.13.2=runtimeClasspath
net.bytebuddy:byte-buddy:1.17.7=runtimeClasspath
net.java.dev.jna:jna:5.13.0=runtimeClasspath
org.apache.bval:bval-jsr:3.0.2=compileClasspath,runtimeClasspath
org.apache.commons:commons-compress:1.24.0=runtimeClasspath
org.apache.httpcomponents:httpclient:4.5.13=runtimeClasspath
org.apache.httpcomponents:httpcore:4.4.16=runtimeClasspath
org.apache.logging.log4j:log4j-api:2.24.3=compileClasspath,runtimeClasspath
org.apache.logging.log4j:log4j-to-slf4j:2.24.3=compileClasspath,runtimeClasspath
org.apache.tomcat.embed:tomcat-embed-core:10.1.48=compileClasspath,runtimeClasspath
org.apache.tomcat.embed:tomcat-embed-el:10.1.48=compileClasspath,runtimeClasspath
org.apache.tomcat.embed:tomcat-embed-websocket:10.1.48=compileClasspath,runtimeClasspath
org.checkerframework:checker-qual:3.49.5=runtimeClasspath
org.flywaydb:flyway-core:10.22.0=compileClasspath,runtimeClasspath
org.flywaydb:flyway-database-postgresql:10.22.0=compileClasspath,runtimeClasspath
org.hamcrest:hamcrest-core:1.3=runtimeClasspath
org.hdrhistogram:HdrHistogram:2.2.2=runtimeClasspath
org.jetbrains:annotations:17.0.0=runtimeClasspath
org.jodd:jodd-util:6.3.0=runtimeClasspath
org.jspecify:jspecify:1.0.0=compileClasspath,runtimeClasspath
org.latencyutils:LatencyUtils:2.0.3=runtimeClasspath
org.objenesis:objenesis:3.4=runtimeClasspath
org.postgresql:postgresql:42.7.8=compileClasspath,runtimeClasspath
org.projectlombok:lombok:1.18.42=annotationProcessor,compileClasspath
org.reactivestreams:reactive-streams:1.0.4=runtimeClasspath
org.redisson:redisson:3.52.0=runtimeClasspath
org.rnorth.duct-tape:duct-tape:1.0.8=runtimeClasspath
org.slf4j:jul-to-slf4j:2.0.17=compileClasspath,runtimeClasspath
org.slf4j:slf4j-api:2.0.17=compileClasspath,runtimeClasspath
org.snakeyaml:snakeyaml-engine:2.10=compileClasspath,runtimeClasspath
org.springframework.boot:spring-boot-actuator-autoconfigure:3.5.7=compileClasspath,runtimeClasspath
org.springframework.boot:spring-boot-actuator:3.5.7=compileClasspath,runtimeClasspath
org.springframework.boot:spring-boot-autoconfigure:3.5.7=compileClasspath,runtimeClasspath
org.springframework.boot:spring-boot-starter-actuator:3.5.7=compileClasspath,runtimeClasspath
org.springframework.boot:spring-boot-starter-json:3.5.7=compileClasspath,runtimeClasspath
org.springframework.boot:spring-boot-starter-logging:3.5.7=compileClasspath,runtimeClasspath
org.springframework.boot:spring-boot-starter-tomcat:3.5.7=compileClasspath,runtimeClasspath
org.springframework.boot:spring-boot-starter-web:3.5.7=compileClasspath,runtimeClasspath
org.springframework.boot:spring-boot-starter:3.5.7=compileClasspath,runtimeClasspath
org.springframework.boot:spring-boot:3.5.7=compileClasspath,runtimeClasspath
org.springframework.retry:spring-retry:2.0.12=runtimeClasspath
org.springframework:spring-aop:6.2.12=compileClasspath,runtimeClasspath
org.springframework:spring-beans:6.2.12=compileClasspath,runtimeClasspath
org.springframework:spring-context:6.2.12=compileClasspath,runtimeClasspath
org.springframework:spring-core:6.2.12=compileClasspath,runtimeClasspath
org.springframework:spring-expression:6.2.12=compileClasspath,runtimeClasspath
org.springframework:spring-jcl:6.2.12=compileClasspath,runtimeClasspath
org.springframework:spring-messaging:6.2.7=runtimeClasspath
org.springframework:spring-web:6.2.12=compileClasspath,runtimeClasspath
org.springframework:spring-webmvc:6.2.12=compileClasspath,runtimeClasspath
org.testcontainers:database-commons:1.21.3=runtimeClasspath
org.testcontainers:jdbc:1.21.3=runtimeClasspath
org.testcontainers:postgresql:1.21.3=runtimeClasspath
org.testcontainers:testcontainers:1.21.3=runtimeClasspath
org.yaml:snakeyaml:2.4=compileClasspath,runtimeClasspath
software.amazon.awssdk:annotations:2.31.54=runtimeClasspath
software.amazon.awssdk:apache-client:2.31.54=runtimeClasspath
software.amazon.awssdk:arns:2.31.54=runtimeClasspath
software.amazon.awssdk:auth:2.31.54=runtimeClasspath
software.amazon.awssdk:aws-core:2.31.54=runtimeClasspath
software.amazon.awssdk:aws-json-protocol:2.31.54=runtimeClasspath
software.amazon.awssdk:aws-query-protocol:2.31.54=runtimeClasspath
software.amazon.awssdk:checksums-spi:2.31.54=runtimeClasspath
software.amazon.awssdk:checksums:2.31.54=runtimeClasspath
software.amazon.awssdk:endpoints-spi:2.31.54=runtimeClasspath
software.amazon.awssdk:http-auth-aws-eventstream:2.31.54=runtimeClasspath
software.amazon.awssdk:http-auth-aws:2.31.54=runtimeClasspath
software.amazon.awssdk:http-auth-spi:2.31.54=runtimeClasspath
software.amazon.awssdk:http-auth:2.31.54=runtimeClasspath
software.amazon.awssdk:http-client-spi:2.31.54=runtimeClasspath
software.amazon.awssdk:identity-spi:2.31.54=runtimeClasspath
software.amazon.awssdk:json-utils:2.31.54=runtimeClasspath
software.amazon.awssdk:metrics-spi:2.31.54=runtimeClasspath
software.amazon.awssdk:netty-nio-client:2.31.54=runtimeClasspath
software.amazon.awssdk:profiles:2.31.54=runtimeClasspath
software.amazon.awssdk:protocol-core:2.31.54=runtimeClasspath
software.amazon.awssdk:regions:2.31.54=runtimeClasspath
software.amazon.awssdk:retries-spi:2.31.54=runtimeClasspath
software.amazon.awssdk:retries:2.31.54=runtimeClasspath
software.amazon.awssdk:sdk-core:2.31.54=runtimeClasspath
software.amazon.awssdk:sns:2.31.54=runtimeClasspath
software.amazon.awssdk:sqs:2.31.54=runtimeClasspath
software.amazon.awssdk:third-party-jackson-core:2.31.54=runtimeClasspath
software.amazon.awssdk:utils:2.31.54=runtimeClasspath
software.amazon.eventstream:eventstream:1.0.1=runtimeClasspath
empty=
