# This is a Gradle generated file for dependency locking.
# Manual edits can break the build and are not advised.
# This file is expected to be part of source control.
com.cronutils:cron-utils:9.2.1=mainPmdAuxClasspath,runtimeClasspath,testPmdAuxClasspath,testRuntimeClasspath
com.esotericsoftware:kryo:5.6.2=compileClasspath,mainPmdAuxClasspath,runtimeClasspath,testCompileClasspath,testPmdAuxClasspath,testRuntimeClasspath
com.esotericsoftware:minlog:1.3.1=compileClasspath,mainPmdAuxClasspath,runtimeClasspath,testCompileClasspath,testPmdAuxClasspath,testRuntimeClasspath
com.esotericsoftware:reflectasm:1.11.9=compileClasspath,mainPmdAuxClasspath,runtimeClasspath,testCompileClasspath,testPmdAuxClasspath,testRuntimeClasspath
com.fasterxml.jackson.core:jackson-annotations:2.20=compileClasspath,testCompileClasspath
com.fasterxml.jackson.core:jackson-annotations:2.22=mainPmdAuxClasspath,runtimeClasspath,testPmdAuxClasspath,testRuntimeClasspath
com.fasterxml.jackson.core:jackson-core:2.20.0=compileClasspath,testCompileClasspath
com.fasterxml.jackson.core:jackson-core:2.21.4=runtimeClasspath,testPmdAuxClasspath
com.fasterxml.jackson.core:jackson-core:2.22.0=mainPmdAuxClasspath,testRuntimeClasspath
com.fasterxml.jackson.core:jackson-databind:2.20.0=compileClasspath,testCompileClasspath
com.fasterxml.jackson.core:jackson-databind:2.21.4=runtimeClasspath,testPmdAuxClasspath
com.fasterxml.jackson.core:jackson-databind:2.22.0=mainPmdAuxClasspath,testRuntimeClasspath
com.fasterxml.jackson.dataformat:jackson-dataformat-toml:2.21.4=runtimeClasspath,testPmdAuxClasspath
com.fasterxml.jackson.dataformat:jackson-dataformat-toml:2.22.0=mainPmdAuxClasspath,testRuntimeClasspath
com.fasterxml.jackson.dataformat:jackson-dataformat-yaml:2.20.0=compileClasspath,testCompileClasspath
com.fasterxml.jackson.dataformat:jackson-dataformat-yaml:2.21.4=runtimeClasspath,testPmdAuxClasspath
com.fasterxml.jackson.dataformat:jackson-dataformat-yaml:2.22.0=mainPmdAuxClasspath,testRuntimeClasspath
com.fasterxml.jackson.datatype:jackson-datatype-jsr310:2.20.0=compileClasspath,testCompileClasspath
com.fasterxml.jackson.datatype:jackson-datatype-jsr310:2.21.4=runtimeClasspath,testPmdAuxClasspath
com.fasterxml.jackson.datatype:jackson-datatype-jsr310:2.22.0=mainPmdAuxClasspath,testRuntimeClasspath
com.fasterxml.jackson:jackson-bom:2.20.0=compileClasspath,testCompileClasspath
com.fasterxml.jackson:jackson-bom:2.21.4=runtimeClasspath,testPmdAuxClasspath
com.fasterxml.jackson:jackson-bom:2.22.0=mainPmdAuxClasspath,testRuntimeClasspath
com.github.oowekyala.ooxml:nice-xml-messages:3.1=pmd
com.github.spotbugs:spotbugs-annotations:4.10.3=spotbugs
com.github.spotbugs:spotbugs:4.10.3=spotbugs
com.github.stephenc.jcip:jcip-annotations:1.0-1=spotbugs
com.google.code.findbugs:jsr305:3.0.2=checkstyle,spotbugs,spotless865459188
com.google.code.gson:gson:2.13.1=pmd
com.google.code.gson:gson:2.14.0=spotbugs
com.google.errorprone:error_prone_annotations:2.21.1=spotless865459188
com.google.errorprone:error_prone_annotations:2.38.0=pmd
com.google.errorprone:error_prone_annotations:2.48.0=spotbugs
com.google.errorprone:error_prone_annotations:2.7.1=checkstyle
com.google.googlejavaformat:google-java-format:1.19.2=spotless865459188
com.google.guava:failureaccess:1.0.1=checkstyle,spotless865459188
com.google.guava:guava:31.0.1-jre=checkstyle
com.google.guava:guava:32.1.3-jre=spotless865459188
com.google.guava:listenablefuture:9999.0-empty-to-avoid-conflict-with-guava=checkstyle,spotless865459188
com.google.j2objc:j2objc-annotations:1.3=checkstyle
com.netflix.spectator:spectator-api:1.10.1=testCompileClasspath
com.netflix.spectator:spectator-api:1.9.7=runtimeClasspath,testPmdAuxClasspath
com.netflix.spectator:spectator-api:1.9.9=mainPmdAuxClasspath,testRuntimeClasspath
com.puppycrawl.tools:checkstyle:9.3=checkstyle
com.zaxxer:HikariCP:6.3.3=mainPmdAuxClasspath,runtimeClasspath,testPmdAuxClasspath,testRuntimeClasspath
commons-beanutils:commons-beanutils:1.9.4=checkstyle
commons-codec:commons-codec:1.15=pmd
commons-codec:commons-codec:1.17.1=mainPmdAuxClasspath,runtimeClasspath,testPmdAuxClasspath,testRuntimeClasspath
commons-collections:commons-collections:3.2.2=checkstyle
commons-io:commons-io:2.21.0=spotbugs
commons-logging:commons-logging:1.2=mainPmdAuxClasspath,runtimeClasspath,testPmdAuxClasspath,testRuntimeClasspath
info.picocli:picocli:4.6.2=checkstyle
io.awspring.cloud:spring-cloud-aws-autoconfigure:3.4.2=compileClasspath,mainPmdAuxClasspath,runtimeClasspath,testCompileClasspath,testPmdAuxClasspath,testRuntimeClasspath
io.awspring.cloud:spring-cloud-aws-core:3.4.2=compileClasspath,mainPmdAuxClasspath,runtimeClasspath,testCompileClasspath,testPmdAuxClasspath,testRuntimeClasspath
io.awspring.cloud:spring-cloud-aws-sns:3.4.2=compileClasspath,mainPmdAuxClasspath,runtimeClasspath,testCompileClasspath,testPmdAuxClasspath,testRuntimeClasspath
io.awspring.cloud:spring-cloud-aws-sqs:3.4.2=compileClasspath,mainPmdAuxClasspath,runtimeClasspath,testCompileClasspath,testPmdAuxClasspath,testRuntimeClasspath
io.awspring.cloud:spring-cloud-aws-starter-sns:3.4.2=compileClasspath,mainPmdAuxClasspath,runtimeClasspath,testCompileClasspath,testPmdAuxClasspath,testRuntimeClasspath
io.awspring.cloud:spring-cloud-aws-starter-sqs:3.4.2=compileClasspath,mainPmdAuxClasspath,runtimeClasspath,testCompileClasspath,testPmdAuxClasspath,testRuntimeClasspath
io.awspring.cloud:spring-cloud-aws-starter:3.4.2=compileClasspath,mainPmdAuxClasspath,runtimeClasspath,testCompileClasspath,testPmdAuxClasspath,testRuntimeClasspath
io.micrometer:context-propagation:1.1.3=compileClasspath,mainPmdAuxClasspath,runtimeClasspath,testCompileClasspath,testPmdAuxClasspath,testRuntimeClasspath
io.micrometer:micrometer-commons:1.15.3=compileClasspath,mainPmdAuxClasspath,runtimeClasspath,testCompileClasspath,testPmdAuxClasspath,testRuntimeClasspath
io.micrometer:micrometer-observation:1.15.3=compileClasspath,mainPmdAuxClasspath,runtimeClasspath,testCompileClasspath,testPmdAuxClasspath,testRuntimeClasspath
io.netty:netty-buffer:4.1.127.Final=compileClasspath,mainPmdAuxClasspath,runtimeClasspath,testCompileClasspath,testPmdAuxClasspath,testRuntimeClasspath
io.netty:netty-codec-dns:4.1.127.Final=compileClasspath,mainPmdAuxClasspath,runtimeClasspath,testCompileClasspath,testPmdAuxClasspath,testRuntimeClasspath
io.netty:netty-codec-http2:4.1.118.Final=mainPmdAuxClasspath,runtimeClasspath,testPmdAuxClasspath,testRuntimeClasspath
io.netty:netty-codec-http:4.1.118.Final=mainPmdAuxClasspath,runtimeClasspath,testPmdAuxClasspath,testRuntimeClasspath
io.netty:netty-codec:4.1.127.Final=compileClasspath,mainPmdAuxClasspath,runtimeClasspath,testCompileClasspath,testPmdAuxClasspath,testRuntimeClasspath
io.netty:netty-common:4.1.127.Final=compileClasspath,mainPmdAuxClasspath,runtimeClasspath,testCompileClasspath,testPmdAuxClasspath,testRuntimeClasspath
io.netty:netty-handler:4.1.127.Final=compileClasspath,mainPmdAuxClasspath,runtimeClasspath,testCompileClasspath,testPmdAuxClasspath,testRuntimeClasspath
io.netty:netty-resolver-dns:4.1.127.Final=compileClasspath,mainPmdAuxClasspath,runtimeClasspath,testCompileClasspath,testPmdAuxClasspath,testRuntimeClasspath
io.netty:netty-resolver:4.1.127.Final=compileClasspath,mainPmdAuxClasspath,runtimeClasspath,testCompileClasspath,testPmdAuxClasspath,testRuntimeClasspath
io.netty:netty-transport-classes-epoll:4.1.118.Final=mainPmdAuxClasspath,runtimeClasspath,testPmdAuxClasspath,testRuntimeClasspath
io.netty:netty-transport-native-unix-common:4.1.127.Final=compileClasspath,mainPmdAuxClasspath,runtimeClasspath,testCompileClasspath,testPmdAuxClasspath,testRuntimeClasspath
io.netty:netty-transport:4.1.127.Final=compileClasspath,mainPmdAuxClasspath,runtimeClasspath,testCompileClasspath,testPmdAuxClasspath,testRuntimeClasspath
io.projectreactor:reactor-core:3.6.2=compileClasspath,mainPmdAuxClasspath,runtimeClasspath,testCompileClasspath,testPmdAuxClasspath,testRuntimeClasspath
io.reactivex.rxjava3:rxjava:3.1.8=compileClasspath,mainPmdAuxClasspath,runtimeClasspath,testCompileClasspath,testPmdAuxClasspath,testRuntimeClasspath
io.zipkin.brave:brave:5.18.1=mainPmdAuxClasspath,runtimeClasspath,testPmdAuxClasspath,testRuntimeClasspath
io.zipkin.reporter2:zipkin-reporter-brave:2.17.2=mainPmdAuxClasspath,runtimeClasspath,testPmdAuxClasspath,testRuntimeClasspath
io.zipkin.reporter2:zipkin-reporter:2.17.2=mainPmdAuxClasspath,runtimeClasspath,testPmdAuxClasspath,testRuntimeClasspath
io.zipkin.zipkin2:zipkin:2.27.0=mainPmdAuxClasspath,runtimeClasspath,testPmdAuxClasspath,testRuntimeClasspath
jakarta.annotation:jakarta.annotation-api:2.1.1=compileClasspath,mainPmdAuxClasspath,runtimeClasspath,testCompileClasspath,testPmdAuxClasspath,testRuntimeClasspath
jakarta.inject:jakarta.inject-api:2.0.1=mainPmdAuxClasspath,runtimeClasspath,testPmdAuxClasspath,testRuntimeClasspath
jakarta.validation:jakarta.validation-api:3.1.1=mainPmdAuxClasspath,runtimeClasspath,testPmdAuxClasspath,testRuntimeClasspath
javax.cache:cache-api:1.1.1=compileClasspath,mainPmdAuxClasspath,runtimeClasspath,testCompileClasspath,testPmdAuxClasspath,testRuntimeClasspath
jaxen:jaxen:2.0.6=spotbugs
joda-time:joda-time:2.10.14=mainPmdAuxClasspath,runtimeClasspath,testPmdAuxClasspath,testRuntimeClasspath
junit:junit:4.13.2=testCompileClasspath,testPmdAuxClasspath,testRuntimeClasspath
net.bytebuddy:byte-buddy-agent:1.17.7=testCompileClasspath,testPmdAuxClasspath,testRuntimeClasspath
net.bytebuddy:byte-buddy:1.17.7=compileClasspath,mainPmdAuxClasspath,runtimeClasspath,testCompileClasspath,testPmdAuxClasspath,testRuntimeClasspath
net.sf.saxon:Saxon-HE:10.6=checkstyle
net.sf.saxon:Saxon-HE:12.10=spotbugs
net.sf.saxon:Saxon-HE:12.5=pmd
net.sourceforge.pmd:pmd-ant:7.16.0=pmd
net.sourceforge.pmd:pmd-core:7.16.0=pmd
net.sourceforge.pmd:pmd-java:7.16.0=pmd
org.antlr:antlr4-runtime:4.9.3=checkstyle,pmd
org.apache.bcel:bcel:6.12.0=spotbugs
org.apache.commons:commons-lang3:3.18.0=pmd
org.apache.commons:commons-lang3:3.20.0=spotbugs
org.apache.commons:commons-text:1.15.0=spotbugs
org.apache.httpcomponents.client5:httpclient5:5.1.3=pmd
org.apache.httpcomponents.core5:httpcore5-h2:5.1.3=pmd
org.apache.httpcomponents.core5:httpcore5:5.1.3=pmd
org.apache.httpcomponents:httpclient:4.5.13=mainPmdAuxClasspath,runtimeClasspath,testPmdAuxClasspath,testRuntimeClasspath
org.apache.httpcomponents:httpcore:4.4.16=mainPmdAuxClasspath,runtimeClasspath,testPmdAuxClasspath,testRuntimeClasspath
org.apache.logging.log4j:log4j-api:2.24.3=compileClasspath,mainPmdAuxClasspath,runtimeClasspath,testCompileClasspath,testPmdAuxClasspath,testRuntimeClasspath
org.apache.logging.log4j:log4j-api:2.26.1=spotbugs
org.apache.logging.log4j:log4j-core:2.26.1=spotbugs
org.apache.logging.log4j:log4j-to-slf4j:2.24.3=compileClasspath,mainPmdAuxClasspath,runtimeClasspath,testCompileClasspath,testPmdAuxClasspath,testRuntimeClasspath
org.checkerframework:checker-qual:3.12.0=checkstyle
org.checkerframework:checker-qual:3.37.0=spotless865459188
org.checkerframework:checker-qual:3.49.5=pmd
org.dom4j:dom4j:2.2.0=spotbugs
org.flywaydb:flyway-core:10.22.0=mainPmdAuxClasspath,runtimeClasspath,testPmdAuxClasspath,testRuntimeClasspath
org.flywaydb:flyway-database-postgresql:10.22.0=mainPmdAuxClasspath,runtimeClasspath,testPmdAuxClasspath,testRuntimeClasspath
org.hamcrest:hamcrest-core:1.3=testCompileClasspath,testPmdAuxClasspath,testRuntimeClasspath
org.jacoco:org.jacoco.agent:0.8.11=jacocoAgent,jacocoAnt
org.jacoco:org.jacoco.ant:0.8.11=jacocoAnt
org.jacoco:org.jacoco.core:0.8.11=jacocoAnt
org.jacoco:org.jacoco.report:0.8.11=jacocoAnt
org.javassist:javassist:3.28.0-GA=checkstyle
org.jodd:jodd-util:6.3.0=compileClasspath,mainPmdAuxClasspath,runtimeClasspath,testCompileClasspath,testPmdAuxClasspath,testRuntimeClasspath
org.junit.platform:junit-platform-commons:1.14.4=testPmdAuxClasspath,testRuntimeClasspath
org.junit.platform:junit-platform-engine:1.14.4=testPmdAuxClasspath,testRuntimeClasspath
org.junit.vintage:junit-vintage-engine:5.14.4=testPmdAuxClasspath,testRuntimeClasspath
org.junit:junit-bom:5.14.4=testPmdAuxClasspath,testRuntimeClasspath
org.junit:junit-bom:6.1.2=spotbugs
org.mockito:mockito-core:5.23.0=testCompileClasspath,testPmdAuxClasspath,testRuntimeClasspath
org.objenesis:objenesis:3.4=compileClasspath,mainPmdAuxClasspath,runtimeClasspath,testCompileClasspath,testPmdAuxClasspath,testRuntimeClasspath
org.opentest4j:opentest4j:1.3.0=testPmdAuxClasspath,testRuntimeClasspath
org.ow2.asm:asm-analysis:9.10.1=spotbugs
org.ow2.asm:asm-commons:9.10.1=spotbugs
org.ow2.asm:asm-commons:9.6=jacocoAnt
org.ow2.asm:asm-tree:9.10.1=spotbugs
org.ow2.asm:asm-tree:9.6=jacocoAnt
org.ow2.asm:asm-util:9.10.1=spotbugs
org.ow2.asm:asm:9.10.1=spotbugs
org.ow2.asm:asm:9.6=jacocoAnt
org.ow2.asm:asm:9.8=pmd
org.pcollections:pcollections:4.0.2=pmd
org.projectlombok:lombok:1.18.46=annotationProcessor,compileClasspath,mainPmdAuxClasspath,testAnnotationProcessor,testCompileClasspath,testPmdAuxClasspath
org.reactivestreams:reactive-streams:1.0.4=compileClasspath,mainPmdAuxClasspath,runtimeClasspath,testCompileClasspath,testPmdAuxClasspath,testRuntimeClasspath
org.redisson:redisson:3.52.0=compileClasspath,mainPmdAuxClasspath,runtimeClasspath,testCompileClasspath,testPmdAuxClasspath,testRuntimeClasspath
org.reflections:reflections:0.10.2=checkstyle
org.slf4j:jul-to-slf4j:1.7.36=pmd
org.slf4j:jul-to-slf4j:2.0.17=compileClasspath,mainPmdAuxClasspath,runtimeClasspath,testCompileClasspath,testPmdAuxClasspath,testRuntimeClasspath
org.slf4j:slf4j-api:2.0.17=compileClasspath,mainPmdAuxClasspath,runtimeClasspath,spotbugsSlf4j,testCompileClasspath,testPmdAuxClasspath,testRuntimeClasspath
org.slf4j:slf4j-api:2.0.18=spotbugs
org.slf4j:slf4j-simple:2.0.17=spotbugsSlf4j
org.springframework.boot:spring-boot-autoconfigure:3.5.5=compileClasspath,mainPmdAuxClasspath,runtimeClasspath,testCompileClasspath,testPmdAuxClasspath,testRuntimeClasspath
org.springframework.boot:spring-boot-starter-logging:3.5.5=compileClasspath,mainPmdAuxClasspath,runtimeClasspath,testCompileClasspath,testPmdAuxClasspath,testRuntimeClasspath
org.springframework.boot:spring-boot-starter:3.5.5=compileClasspath,mainPmdAuxClasspath,runtimeClasspath,testCompileClasspath,testPmdAuxClasspath,testRuntimeClasspath
org.springframework.boot:spring-boot:3.5.5=compileClasspath,mainPmdAuxClasspath,runtimeClasspath,testCompileClasspath,testPmdAuxClasspath,testRuntimeClasspath
org.springframework.retry:spring-retry:2.0.12=compileClasspath,mainPmdAuxClasspath,runtimeClasspath,testCompileClasspath,testPmdAuxClasspath,testRuntimeClasspath
org.springframework:spring-aop:6.2.10=compileClasspath,mainPmdAuxClasspath,runtimeClasspath,testCompileClasspath,testPmdAuxClasspath,testRuntimeClasspath
org.springframework:spring-beans:6.2.10=compileClasspath,mainPmdAuxClasspath,runtimeClasspath,testCompileClasspath,testPmdAuxClasspath,testRuntimeClasspath
org.springframework:spring-context:6.2.10=compileClasspath,mainPmdAuxClasspath,runtimeClasspath,testCompileClasspath,testPmdAuxClasspath,testRuntimeClasspath
org.springframework:spring-core:6.2.10=compileClasspath,mainPmdAuxClasspath,runtimeClasspath,testCompileClasspath,testPmdAuxClasspath,testRuntimeClasspath
org.springframework:spring-expression:6.2.10=compileClasspath,mainPmdAuxClasspath,runtimeClasspath,testCompileClasspath,testPmdAuxClasspath,testRuntimeClasspath
org.springframework:spring-jcl:6.2.10=compileClasspath,mainPmdAuxClasspath,runtimeClasspath,testCompileClasspath,testPmdAuxClasspath,testRuntimeClasspath
org.springframework:spring-messaging:6.2.10=compileClasspath,mainPmdAuxClasspath,runtimeClasspath,testCompileClasspath,testPmdAuxClasspath,testRuntimeClasspath
org.xmlresolver:xmlresolver:5.2.2=pmd
org.xmlresolver:xmlresolver:5.3.3=spotbugs
org.yaml:snakeyaml:2.4=compileClasspath,testCompileClasspath
org.yaml:snakeyaml:2.5=mainPmdAuxClasspath,runtimeClasspath,testPmdAuxClasspath,testRuntimeClasspath
software.amazon.awssdk:annotations:2.31.78=compileClasspath,mainPmdAuxClasspath,runtimeClasspath,testCompileClasspath,testPmdAuxClasspath,testRuntimeClasspath
software.amazon.awssdk:apache-client:2.31.78=mainPmdAuxClasspath,runtimeClasspath,testPmdAuxClasspath,testRuntimeClasspath
software.amazon.awssdk:arns:2.31.78=compileClasspath,mainPmdAuxClasspath,runtimeClasspath,testCompileClasspath,testPmdAuxClasspath,testRuntimeClasspath
software.amazon.awssdk:auth:2.31.78=compileClasspath,mainPmdAuxClasspath,runtimeClasspath,testCompileClasspath,testPmdAuxClasspath,testRuntimeClasspath
software.amazon.awssdk:aws-core:2.31.78=compileClasspath,mainPmdAuxClasspath,runtimeClasspath,testCompileClasspath,testPmdAuxClasspath,testRuntimeClasspath
software.amazon.awssdk:aws-json-protocol:2.31.78=compileClasspath,mainPmdAuxClasspath,runtimeClasspath,testCompileClasspath,testPmdAuxClasspath,testRuntimeClasspath
software.amazon.awssdk:aws-query-protocol:2.31.78=compileClasspath,mainPmdAuxClasspath,runtimeClasspath,testCompileClasspath,testPmdAuxClasspath,testRuntimeClasspath
software.amazon.awssdk:checksums-spi:2.31.78=compileClasspath,mainPmdAuxClasspath,runtimeClasspath,testCompileClasspath,testPmdAuxClasspath,testRuntimeClasspath
software.amazon.awssdk:checksums:2.31.78=compileClasspath,mainPmdAuxClasspath,runtimeClasspath,testCompileClasspath,testPmdAuxClasspath,testRuntimeClasspath
software.amazon.awssdk:endpoints-spi:2.31.78=compileClasspath,mainPmdAuxClasspath,runtimeClasspath,testCompileClasspath,testPmdAuxClasspath,testRuntimeClasspath
software.amazon.awssdk:http-auth-aws-eventstream:2.31.78=compileClasspath,mainPmdAuxClasspath,runtimeClasspath,testCompileClasspath,testPmdAuxClasspath,testRuntimeClasspath
software.amazon.awssdk:http-auth-aws:2.31.78=compileClasspath,mainPmdAuxClasspath,runtimeClasspath,testCompileClasspath,testPmdAuxClasspath,testRuntimeClasspath
software.amazon.awssdk:http-auth-spi:2.31.78=compileClasspath,mainPmdAuxClasspath,runtimeClasspath,testCompileClasspath,testPmdAuxClasspath,testRuntimeClasspath
software.amazon.awssdk:http-auth:2.31.78=compileClasspath,mainPmdAuxClasspath,runtimeClasspath,testCompileClasspath,testPmdAuxClasspath,testRuntimeClasspath
software.amazon.awssdk:http-client-spi:2.31.78=compileClasspath,mainPmdAuxClasspath,runtimeClasspath,testCompileClasspath,testPmdAuxClasspath,testRuntimeClasspath
software.amazon.awssdk:identity-spi:2.31.78=compileClasspath,mainPmdAuxClasspath,runtimeClasspath,testCompileClasspath,testPmdAuxClasspath,testRuntimeClasspath
software.amazon.awssdk:json-utils:2.31.78=compileClasspath,mainPmdAuxClasspath,runtimeClasspath,testCompileClasspath,testPmdAuxClasspath,testRuntimeClasspath
software.amazon.awssdk:metrics-spi:2.31.78=compileClasspath,mainPmdAuxClasspath,runtimeClasspath,testCompileClasspath,testPmdAuxClasspath,testRuntimeClasspath
software.amazon.awssdk:netty-nio-client:2.31.78=mainPmdAuxClasspath,runtimeClasspath,testPmdAuxClasspath,testRuntimeClasspath
software.amazon.awssdk:profiles:2.31.78=compileClasspath,mainPmdAuxClasspath,runtimeClasspath,testCompileClasspath,testPmdAuxClasspath,testRuntimeClasspath
software.amazon.awssdk:protocol-core:2.31.78=compileClasspath,mainPmdAuxClasspath,runtimeClasspath,testCompileClasspath,testPmdAuxClasspath,testRuntimeClasspath
software.amazon.awssdk:regions:2.31.78=compileClasspath,mainPmdAuxClasspath,runtimeClasspath,testCompileClasspath,testPmdAuxClasspath,testRuntimeClasspath
software.amazon.awssdk:retries-spi:2.31.78=compileClasspath,mainPmdAuxClasspath,runtimeClasspath,testCompileClasspath,testPmdAuxClasspath,testRuntimeClasspath
software.amazon.awssdk:retries:2.31.78=compileClasspath,mainPmdAuxClasspath,runtimeClasspath,testCompileClasspath,testPmdAuxClasspath,testRuntimeClasspath
software.amazon.awssdk:sdk-core:2.31.78=compileClasspath,mainPmdAuxClasspath,runtimeClasspath,testCompileClasspath,testPmdAuxClasspath,testRuntimeClasspath
software.amazon.awssdk:sns:2.31.78=compileClasspath,mainPmdAuxClasspath,runtimeClasspath,testCompileClasspath,testPmdAuxClasspath,testRuntimeClasspath
software.amazon.awssdk:sqs:2.31.78=compileClasspath,mainPmdAuxClasspath,runtimeClasspath,testCompileClasspath,testPmdAuxClasspath,testRuntimeClasspath
software.amazon.awssdk:third-party-jackson-core:2.31.78=compileClasspath,mainPmdAuxClasspath,runtimeClasspath,testCompileClasspath,testPmdAuxClasspath,testRuntimeClasspath
software.amazon.awssdk:utils:2.31.78=compileClasspath,mainPmdAuxClasspath,runtimeClasspath,testCompileClasspath,testPmdAuxClasspath,testRuntimeClasspath
software.amazon.eventstream:eventstream:1.0.1=compileClasspath,mainPmdAuxClasspath,runtimeClasspath,testCompileClasspath,testPmdAuxClasspath,testRuntimeClasspath
empty=spotbugsPlugins
