# This is a Gradle generated file for dependency locking.
# Manual edits can break the build and are not advised.
# This file is expected to be part of source control.
com.fasterxml.jackson.core:jackson-annotations:2.19.0=compileClasspath
com.fasterxml.jackson.core:jackson-core:2.19.0=compileClasspath
com.fasterxml.jackson.core:jackson-databind:2.19.0=compileClasspath
com.fasterxml.jackson:jackson-bom:2.19.0=compileClasspath
io.awspring.cloud:spring-cloud-aws-autoconfigure:3.4.0=compileClasspath
io.awspring.cloud:spring-cloud-aws-core:3.4.0=compileClasspath
io.awspring.cloud:spring-cloud-aws-sns:3.4.0=compileClasspath
io.awspring.cloud:spring-cloud-aws-sqs:3.4.0=compileClasspath
io.awspring.cloud:spring-cloud-aws-starter-sns:3.4.0=compileClasspath
io.awspring.cloud:spring-cloud-aws-starter-sqs:3.4.0=compileClasspath
io.awspring.cloud:spring-cloud-aws-starter:3.4.0=compileClasspath
io.micrometer:context-propagation:1.1.3=compileClasspath
io.micrometer:micrometer-commons:1.15.0=compileClasspath
io.micrometer:micrometer-observation:1.15.0=compileClasspath
jakarta.annotation:jakarta.annotation-api:2.1.1=compileClasspath
org.apache.logging.log4j:log4j-api:2.24.3=compileClasspath
org.apache.logging.log4j:log4j-to-slf4j:2.24.3=compileClasspath
org.projectlombok:lombok:1.18.38=annotationProcessor,compileClasspath
org.reactivestreams:reactive-streams:1.0.4=compileClasspath
org.slf4j:jul-to-slf4j:2.0.17=compileClasspath
org.slf4j:slf4j-api:2.0.17=compileClasspath
org.springframework.boot:spring-boot-autoconfigure:3.5.0=compileClasspath
org.springframework.boot:spring-boot-starter-logging:3.5.0=compileClasspath
org.springframework.boot:spring-boot-starter:3.5.0=compileClasspath
org.springframework.boot:spring-boot:3.5.0=compileClasspath
org.springframework.retry:spring-retry:2.0.12=compileClasspath
org.springframework:spring-aop:6.2.7=compileClasspath
org.springframework:spring-beans:6.2.7=compileClasspath
org.springframework:spring-context:6.2.7=compileClasspath
org.springframework:spring-core:6.2.7=compileClasspath
org.springframework:spring-expression:6.2.7=compileClasspath
org.springframework:spring-jcl:6.2.7=compileClasspath
org.springframework:spring-messaging:6.2.7=compileClasspath
org.yaml:snakeyaml:2.4=compileClasspath
software.amazon.awssdk:annotations:2.31.54=compileClasspath
software.amazon.awssdk:arns:2.31.54=compileClasspath
software.amazon.awssdk:auth:2.31.54=compileClasspath
software.amazon.awssdk:aws-core:2.31.54=compileClasspath
software.amazon.awssdk:aws-json-protocol:2.31.54=compileClasspath
software.amazon.awssdk:aws-query-protocol:2.31.54=compileClasspath
software.amazon.awssdk:checksums-spi:2.31.54=compileClasspath
software.amazon.awssdk:checksums:2.31.54=compileClasspath
software.amazon.awssdk:endpoints-spi:2.31.54=compileClasspath
software.amazon.awssdk:http-auth-aws-eventstream:2.31.54=compileClasspath
software.amazon.awssdk:http-auth-aws:2.31.54=compileClasspath
software.amazon.awssdk:http-auth-spi:2.31.54=compileClasspath
software.amazon.awssdk:http-auth:2.31.54=compileClasspath
software.amazon.awssdk:http-client-spi:2.31.54=compileClasspath
software.amazon.awssdk:identity-spi:2.31.54=compileClasspath
software.amazon.awssdk:json-utils:2.31.54=compileClasspath
software.amazon.awssdk:metrics-spi:2.31.54=compileClasspath
software.amazon.awssdk:profiles:2.31.54=compileClasspath
software.amazon.awssdk:protocol-core:2.31.54=compileClasspath
software.amazon.awssdk:regions:2.31.54=compileClasspath
software.amazon.awssdk:retries-spi:2.31.54=compileClasspath
software.amazon.awssdk:retries:2.31.54=compileClasspath
software.amazon.awssdk:sdk-core:2.31.54=compileClasspath
software.amazon.awssdk:sns:2.31.54=compileClasspath
software.amazon.awssdk:sqs:2.31.54=compileClasspath
software.amazon.awssdk:third-party-jackson-core:2.31.54=compileClasspath
software.amazon.awssdk:utils:2.31.54=compileClasspath
software.amazon.eventstream:eventstream:1.0.1=compileClasspath
empty=
