# This is a Gradle generated file for dependency locking.
# Manual edits can break the build and are not advised.
# This file is expected to be part of source control.
aopalliance:aopalliance:1.0=compileClasspath
com.amazonaws:aws-java-sdk-core:1.11.86=compileClasspath
com.amazonaws:aws-java-sdk-kms:1.11.86=compileClasspath
com.amazonaws:aws-java-sdk-s3:1.11.86=compileClasspath
com.amazonaws:jmespath-java:1.11.86=compileClasspath
com.fasterxml.jackson.core:jackson-annotations:2.15.4=compileClasspath
com.fasterxml.jackson.core:jackson-core:2.15.4=compileClasspath
com.fasterxml.jackson.core:jackson-databind:2.15.4=compileClasspath
com.fasterxml.jackson.dataformat:jackson-dataformat-cbor:2.15.4=compileClasspath
com.fasterxml.jackson:jackson-bom:2.15.4=compileClasspath
com.github.rholder:guava-retrying:2.0.0=compileClasspath
com.google.code.findbugs:jsr305:2.0.2=compileClasspath
com.google.guava:guava:19.0=compileClasspath
com.google.inject.extensions:guice-multibindings:4.1.0=compileClasspath
com.google.inject:guice:4.1.0=compileClasspath
com.google.protobuf:protobuf-java:3.5.1=compileClasspath
com.jayway.jsonpath:json-path:2.2.0=compileClasspath
com.netflix.conductor:conductor-common:2.31.5=compileClasspath
com.netflix.conductor:conductor-core:2.31.5=compileClasspath
com.netflix.servo:servo-core:0.12.17=compileClasspath
com.netflix.spectator:spectator-api:1.7.17=compileClasspath
com.spotify:completable-futures:0.3.1=compileClasspath
com.zaxxer:HikariCP:4.0.3=compileClasspath
commons-codec:commons-codec:1.9=compileClasspath
commons-lang:commons-lang:2.6=compileClasspath
commons-logging:commons-logging:1.2=compileClasspath
io.reactivex:rxjava:1.2.2=compileClasspath
io.zipkin.brave:brave:5.18.1=compileClasspath
io.zipkin.reporter2:zipkin-reporter-brave:2.17.2=compileClasspath
io.zipkin.reporter2:zipkin-reporter:2.17.2=compileClasspath
io.zipkin.zipkin2:zipkin:2.27.0=compileClasspath
javax.inject:javax.inject:1=compileClasspath
javax.validation:validation-api:2.0.1.Final=compileClasspath
joda-time:joda-time:2.8.1=compileClasspath
net.minidev:accessors-smart:1.1=compileClasspath
net.minidev:json-smart:2.2.1=compileClasspath
org.apache.bval:bval-jsr:2.0.3=compileClasspath
org.apache.commons:commons-lang3:3.0=compileClasspath
org.apache.httpcomponents:httpclient:4.5.2=compileClasspath
org.apache.httpcomponents:httpcore:4.4.4=compileClasspath
org.flywaydb:flyway-core:7.6.0=compileClasspath
org.glassfish:javax.el:3.0.0=compileClasspath
org.ow2.asm:asm:5.0.3=compileClasspath
org.projectlombok:lombok:1.18.34=annotationProcessor,compileClasspath
org.slf4j:slf4j-api:1.7.30=compileClasspath
software.amazon.ion:ion-java:1.0.1=compileClasspath
empty=
