# This is a Gradle generated file for dependency locking.
# Manual edits can break the build and are not advised.
# This file is expected to be part of source control.
aopalliance:aopalliance:1.0=compileClasspath,runtimeClasspath
com.amazonaws:aws-java-sdk-core:1.11.86=compileClasspath,runtimeClasspath
com.amazonaws:aws-java-sdk-kms:1.11.86=compileClasspath,runtimeClasspath
com.amazonaws:aws-java-sdk-s3:1.11.86=compileClasspath,runtimeClasspath
com.amazonaws:jmespath-java:1.11.86=compileClasspath,runtimeClasspath
com.cronutils:cron-utils:9.1.8=runtimeClasspath
com.fasterxml.jackson.core:jackson-annotations:2.11.4=compileClasspath,runtimeClasspath
com.fasterxml.jackson.core:jackson-core:2.11.4=compileClasspath,runtimeClasspath
com.fasterxml.jackson.core:jackson-databind:2.11.4=compileClasspath,runtimeClasspath
com.fasterxml.jackson.dataformat:jackson-dataformat-cbor:2.6.6=compileClasspath,runtimeClasspath
com.fasterxml.jackson.dataformat:jackson-dataformat-yaml:2.11.4=runtimeClasspath
com.github.rholder:guava-retrying:2.0.0=compileClasspath,runtimeClasspath
com.google.code.findbugs:jsr305:2.0.2=compileClasspath,runtimeClasspath
com.google.guava:guava:19.0=compileClasspath,runtimeClasspath
com.google.inject.extensions:guice-multibindings:4.1.0=compileClasspath,runtimeClasspath
com.google.inject:guice:4.1.0=compileClasspath,runtimeClasspath
com.google.protobuf:protobuf-java:3.5.1=compileClasspath,runtimeClasspath
com.jayway.jsonpath:json-path:2.2.0=compileClasspath,runtimeClasspath
com.mchange:c3p0:0.9.5.4=runtimeClasspath
com.mchange:mchange-commons-java:0.2.15=runtimeClasspath
com.netflix.conductor:conductor-common:2.31.5=compileClasspath,runtimeClasspath
com.netflix.conductor:conductor-core:2.31.5=compileClasspath,runtimeClasspath
com.netflix.servo:servo-core:0.12.17=compileClasspath,runtimeClasspath
com.netflix.spectator:spectator-api:1.7.17=compileClasspath,runtimeClasspath
com.spotify:completable-futures:0.3.1=compileClasspath,runtimeClasspath
com.zaxxer:HikariCP-java7:2.4.13=runtimeClasspath
com.zaxxer:HikariCP:4.0.3=compileClasspath,runtimeClasspath
commons-codec:commons-codec:1.9=compileClasspath,runtimeClasspath
commons-lang:commons-lang:2.6=compileClasspath,runtimeClasspath
commons-logging:commons-logging:1.2=compileClasspath,runtimeClasspath
io.reactivex:rxjava:1.2.2=compileClasspath,runtimeClasspath
io.zipkin.brave:brave:5.18.1=compileClasspath,runtimeClasspath
io.zipkin.reporter2:zipkin-reporter-brave:2.17.2=compileClasspath,runtimeClasspath
io.zipkin.reporter2:zipkin-reporter:2.17.2=compileClasspath,runtimeClasspath
io.zipkin.zipkin2:zipkin:2.27.0=compileClasspath,runtimeClasspath
jakarta.inject:jakarta.inject-api:2.0.1=runtimeClasspath
jakarta.validation:jakarta.validation-api:3.1.0=compileClasspath,runtimeClasspath
javax.inject:javax.inject:1=compileClasspath,runtimeClasspath
javax.validation:validation-api:2.0.1.Final=compileClasspath,runtimeClasspath
joda-time:joda-time:2.10.14=runtimeClasspath
joda-time:joda-time:2.8.1=compileClasspath
net.minidev:accessors-smart:1.1=compileClasspath,runtimeClasspath
net.minidev:json-smart:2.2.1=compileClasspath,runtimeClasspath
org.apache.bval:bval-jsr:3.0.1=compileClasspath,runtimeClasspath
org.apache.commons:commons-lang3:3.0=compileClasspath,runtimeClasspath
org.apache.httpcomponents:httpclient:4.5.2=compileClasspath,runtimeClasspath
org.apache.httpcomponents:httpcore:4.4.4=compileClasspath,runtimeClasspath
org.flywaydb:flyway-core:7.6.0=compileClasspath,runtimeClasspath
org.glassfish:javax.el:3.0.0=compileClasspath,runtimeClasspath
org.ow2.asm:asm:5.0.3=compileClasspath,runtimeClasspath
org.projectlombok:lombok:1.18.34=annotationProcessor,compileClasspath
org.quartz-scheduler:quartz:2.3.2=runtimeClasspath
org.slf4j:slf4j-api:1.7.30=compileClasspath
org.slf4j:slf4j-api:1.7.36=runtimeClasspath
org.yaml:snakeyaml:1.26=runtimeClasspath
software.amazon.ion:ion-java:1.0.1=compileClasspath,runtimeClasspath
empty=
